
Microsoft Visual Studio Solution File, Format Version 12.00
# Visual Studio Version 16
VisualStudioVersion = 16.0.32901.82
MinimumVisualStudioVersion = 10.0.40219.1
Project("{FAE04EC0-301F-11D3-BF4B-00C04F79EFBC}") = "XamDataGrid_TextTrim", "XamDataGrid_TextTrim\XamDataGrid_TextTrim.csproj", "{DAA1AF37-9DFC-459D-AAEE-9CA1818C246C}"
EndProject
Global
	GlobalSection(SolutionConfigurationPlatforms) = preSolution
		Debug|Any CPU = Debug|Any CPU
		Release|Any CPU = Release|Any CPU
	EndGlobalSection
	GlobalSection(ProjectConfigurationPlatforms) = postSolution
		{DAA1AF37-9DFC-459D-AAEE-9CA1818C246C}.Debug|Any CPU.ActiveCfg = Debug|Any CPU
		{DAA1AF37-9DFC-459D-AAEE-9CA1818C246C}.Debug|Any CPU.Build.0 = Debug|Any CPU
		{DAA1AF37-9DFC-459D-AAEE-9CA1818C246C}.Release|Any CPU.ActiveCfg = Release|Any CPU
		{DAA1AF37-9DFC-459D-AAEE-9CA1818C246C}.Release|Any CPU.Build.0 = Release|Any CPU
	EndGlobalSection
	GlobalSection(SolutionProperties) = preSolution
		HideSolutionNode = FALSE
	EndGlobalSection
	GlobalSection(ExtensibilityGlobals) = postSolution
		SolutionGuid = {370D31DE-9CDC-4AE0-BE6B-3248129D14A7}
	EndGlobalSection
EndGlobal
